
Microsoft Visual Studio Solution File, Format Version 12.00
# Visual Studio Version 16
VisualStudioVersion = 16.0.29418.71
MinimumVisualStudioVersion = 10.0.40219.1
Project("{FAE04EC0-301F-11D3-BF4B-00C04F79EFBC}") = "Customerpurchase", "Customerpurchase\Customerpurchase.csproj", "{462535FD-A6D5-42F4-B87A-54296C20AD88}"
EndProject
Global
	GlobalSection(SolutionConfigurationPlatforms) = preSolution
		Debug|Any CPU = Debug|Any CPU
		Release|Any CPU = Release|Any CPU
	EndGlobalSection
	GlobalSection(ProjectConfigurationPlatforms) = postSolution
		{462535FD-A6D5-42F4-B87A-54296C20AD88}.Debug|Any CPU.ActiveCfg = Debug|Any CPU
		{462535FD-A6D5-42F4-B87A-54296C20AD88}.Debug|Any CPU.Build.0 = Debug|Any CPU
		{462535FD-A6D5-42F4-B87A-54296C20AD88}.Release|Any CPU.ActiveCfg = Release|Any CPU
		{462535FD-A6D5-42F4-B87A-54296C20AD88}.Release|Any CPU.Build.0 = Release|Any CPU
	EndGlobalSection
	GlobalSection(SolutionProperties) = preSolution
		HideSolutionNode = FALSE
	EndGlobalSection
	GlobalSection(ExtensibilityGlobals) = postSolution
		SolutionGuid = {CD9AEFB7-1DEE-46E8-9C5F-74E1C34FFB23}
	EndGlobalSection
EndGlobal
