
Microsoft Visual Studio Solution File, Format Version 12.00
# Visual Studio Version 16
VisualStudioVersion = 16.0.29409.12
MinimumVisualStudioVersion = 10.0.40219.1
Project("{FAE04EC0-301F-11D3-BF4B-00C04F79EFBC}") = "employeeassingment", "employeeassingment\employeeassingment.csproj", "{8563F7FF-5CBC-4F4F-BDAC-6BB51878FB4A}"
EndProject
Global
	GlobalSection(SolutionConfigurationPlatforms) = preSolution
		Debug|Any CPU = Debug|Any CPU
		Release|Any CPU = Release|Any CPU
	EndGlobalSection
	GlobalSection(ProjectConfigurationPlatforms) = postSolution
		{8563F7FF-5CBC-4F4F-BDAC-6BB51878FB4A}.Debug|Any CPU.ActiveCfg = Debug|Any CPU
		{8563F7FF-5CBC-4F4F-BDAC-6BB51878FB4A}.Debug|Any CPU.Build.0 = Debug|Any CPU
		{8563F7FF-5CBC-4F4F-BDAC-6BB51878FB4A}.Release|Any CPU.ActiveCfg = Release|Any CPU
		{8563F7FF-5CBC-4F4F-BDAC-6BB51878FB4A}.Release|Any CPU.Build.0 = Release|Any CPU
	EndGlobalSection
	GlobalSection(SolutionProperties) = preSolution
		HideSolutionNode = FALSE
	EndGlobalSection
	GlobalSection(ExtensibilityGlobals) = postSolution
		SolutionGuid = {A9CE8F7E-28C4-4DB1-88B6-766BEEB84724}
	EndGlobalSection
EndGlobal
